
Microsoft Visual Studio Solution File, Format Version 12.00
# Visual Studio Version 17
VisualStudioVersion = 17.1.32328.378
MinimumVisualStudioVersion = 10.0.40219.1
Project("{FAE04EC0-301F-11D3-BF4B-00C04F79EFBC}") = "Day6MvcApp", "Day6MvcApp.csproj", "{CBCE3774-CBA0-46C3-AC23-A0C23DD07E06}"
EndProject
Global
	GlobalSection(SolutionConfigurationPlatforms) = preSolution
		Debug|Any CPU = Debug|Any CPU
		Release|Any CPU = Release|Any CPU
	EndGlobalSection
	GlobalSection(ProjectConfigurationPlatforms) = postSolution
		{CBCE3774-CBA0-46C3-AC23-A0C23DD07E06}.Debug|Any CPU.ActiveCfg = Debug|Any CPU
		{CBCE3774-CBA0-46C3-AC23-A0C23DD07E06}.Debug|Any CPU.Build.0 = Debug|Any CPU
		{CBCE3774-CBA0-46C3-AC23-A0C23DD07E06}.Release|Any CPU.ActiveCfg = Release|Any CPU
		{CBCE3774-CBA0-46C3-AC23-A0C23DD07E06}.Release|Any CPU.Build.0 = Release|Any CPU
	EndGlobalSection
	GlobalSection(SolutionProperties) = preSolution
		HideSolutionNode = FALSE
	EndGlobalSection
	GlobalSection(ExtensibilityGlobals) = postSolution
		SolutionGuid = {F7EA937F-1918-4F9C-9AF2-EEBD6F20F7AC}
	EndGlobalSection
EndGlobal
